
Microsoft Visual Studio Solution File, Format Version 12.00
# Visual Studio 15
VisualStudioVersion = 15.0.28010.2046
MinimumVisualStudioVersion = 10.0.40219.1
Project("{FAE04EC0-301F-11D3-BF4B-00C04F79EFBC}") = "Innergy.Recruitment.Jusko", "Innergy.Recruitment.Jusko\Innergy.Recruitment.Jusko.csproj", "{FC3F6645-393A-40B7-B986-FC0BB071B4D0}"
EndProject
Project("{FAE04EC0-301F-11D3-BF4B-00C04F79EFBC}") = "Innergy.Recruitment.JuskoTests", "Innergy.Recruitment.JuskoTests\Innergy.Recruitment.JuskoTests.csproj", "{D12A9EE2-4855-4D13-A1E5-BB7AA4F93EA8}"
EndProject
Global
	GlobalSection(SolutionConfigurationPlatforms) = preSolution
		Debug|Any CPU = Debug|Any CPU
		Release|Any CPU = Release|Any CPU
	EndGlobalSection
	GlobalSection(ProjectConfigurationPlatforms) = postSolution
		{FC3F6645-393A-40B7-B986-FC0BB071B4D0}.Debug|Any CPU.ActiveCfg = Debug|Any CPU
		{FC3F6645-393A-40B7-B986-FC0BB071B4D0}.Debug|Any CPU.Build.0 = Debug|Any CPU
		{FC3F6645-393A-40B7-B986-FC0BB071B4D0}.Release|Any CPU.ActiveCfg = Release|Any CPU
		{FC3F6645-393A-40B7-B986-FC0BB071B4D0}.Release|Any CPU.Build.0 = Release|Any CPU
		{D12A9EE2-4855-4D13-A1E5-BB7AA4F93EA8}.Debug|Any CPU.ActiveCfg = Debug|Any CPU
		{D12A9EE2-4855-4D13-A1E5-BB7AA4F93EA8}.Debug|Any CPU.Build.0 = Debug|Any CPU
		{D12A9EE2-4855-4D13-A1E5-BB7AA4F93EA8}.Release|Any CPU.ActiveCfg = Release|Any CPU
		{D12A9EE2-4855-4D13-A1E5-BB7AA4F93EA8}.Release|Any CPU.Build.0 = Release|Any CPU
	EndGlobalSection
	GlobalSection(SolutionProperties) = preSolution
		HideSolutionNode = FALSE
	EndGlobalSection
	GlobalSection(ExtensibilityGlobals) = postSolution
		SolutionGuid = {B253A3A5-AAFA-4D4D-828E-0C5B6C3C8858}
	EndGlobalSection
EndGlobal
